
Microsoft Visual Studio Solution File, Format Version 12.00
# Visual Studio Version 16
VisualStudioVersion = 16.0.31515.178
MinimumVisualStudioVersion = 10.0.40219.1
Project("{FAE04EC0-301F-11D3-BF4B-00C04F79EFBC}") = "DutchTreat", "DutchTreat.csproj", "{83892965-D799-43A1-8ECA-9FA3CE9CE91F}"
EndProject
Global
	GlobalSection(SolutionConfigurationPlatforms) = preSolution
		Debug|Any CPU = Debug|Any CPU
		Release|Any CPU = Release|Any CPU
	EndGlobalSection
	GlobalSection(ProjectConfigurationPlatforms) = postSolution
		{83892965-D799-43A1-8ECA-9FA3CE9CE91F}.Debug|Any CPU.ActiveCfg = Debug|Any CPU
		{83892965-D799-43A1-8ECA-9FA3CE9CE91F}.Debug|Any CPU.Build.0 = Debug|Any CPU
		{83892965-D799-43A1-8ECA-9FA3CE9CE91F}.Release|Any CPU.ActiveCfg = Release|Any CPU
		{83892965-D799-43A1-8ECA-9FA3CE9CE91F}.Release|Any CPU.Build.0 = Release|Any CPU
	EndGlobalSection
	GlobalSection(SolutionProperties) = preSolution
		HideSolutionNode = FALSE
	EndGlobalSection
	GlobalSection(ExtensibilityGlobals) = postSolution
		SolutionGuid = {455A63AD-DA4E-498C-BA32-E652DA39FF89}
	EndGlobalSection
EndGlobal
